
Microsoft Visual Studio Solution File, Format Version 12.00
# Visual Studio Version 16
VisualStudioVersion = 16.0.31321.278
MinimumVisualStudioVersion = 10.0.40219.1
Project("{FAE04EC0-301F-11D3-BF4B-00C04F79EFBC}") = "Calc", "Calc\Calc.csproj", "{63FBE055-AE7C-446C-AA40-7547B08F5A41}"
EndProject
Project("{FAE04EC0-301F-11D3-BF4B-00C04F79EFBC}") = "Calc.Tests", "Calc.Tests\Calc.Tests.csproj", "{F2DB728A-F488-440E-AB54-ADBF28F6B81F}"
EndProject
Global
	GlobalSection(SolutionConfigurationPlatforms) = preSolution
		Debug|Any CPU = Debug|Any CPU
		Release|Any CPU = Release|Any CPU
	EndGlobalSection
	GlobalSection(ProjectConfigurationPlatforms) = postSolution
		{63FBE055-AE7C-446C-AA40-7547B08F5A41}.Debug|Any CPU.ActiveCfg = Debug|Any CPU
		{63FBE055-AE7C-446C-AA40-7547B08F5A41}.Debug|Any CPU.Build.0 = Debug|Any CPU
		{63FBE055-AE7C-446C-AA40-7547B08F5A41}.Release|Any CPU.ActiveCfg = Release|Any CPU
		{63FBE055-AE7C-446C-AA40-7547B08F5A41}.Release|Any CPU.Build.0 = Release|Any CPU
		{F2DB728A-F488-440E-AB54-ADBF28F6B81F}.Debug|Any CPU.ActiveCfg = Debug|Any CPU
		{F2DB728A-F488-440E-AB54-ADBF28F6B81F}.Debug|Any CPU.Build.0 = Debug|Any CPU
		{F2DB728A-F488-440E-AB54-ADBF28F6B81F}.Release|Any CPU.ActiveCfg = Release|Any CPU
		{F2DB728A-F488-440E-AB54-ADBF28F6B81F}.Release|Any CPU.Build.0 = Release|Any CPU
	EndGlobalSection
	GlobalSection(SolutionProperties) = preSolution
		HideSolutionNode = FALSE
	EndGlobalSection
	GlobalSection(ExtensibilityGlobals) = postSolution
		SolutionGuid = {55129D9C-4DA2-4016-84BA-44B699954858}
	EndGlobalSection
EndGlobal
